
Microsoft Visual Studio Solution File, Format Version 12.00
# Visual Studio 15
VisualStudioVersion = 15.0.28307.1433
MinimumVisualStudioVersion = 10.0.40219.1
Project("{8BC9CEB8-8B4A-11D0-8D11-00A0C91BC942}") = "HelloCg01", "HelloCg01\HelloCg01.vcxproj", "{04E2D154-F604-4FA7-B406-4000A9F324EB}"
EndProject
Global
	GlobalSection(SolutionConfigurationPlatforms) = preSolution
		Debug|x64 = Debug|x64
		Debug|x86 = Debug|x86
		Release|x64 = Release|x64
		Release|x86 = Release|x86
	EndGlobalSection
	GlobalSection(ProjectConfigurationPlatforms) = postSolution
		{04E2D154-F604-4FA7-B406-4000A9F324EB}.Debug|x64.ActiveCfg = Debug|x64
		{04E2D154-F604-4FA7-B406-4000A9F324EB}.Debug|x64.Build.0 = Debug|x64
		{04E2D154-F604-4FA7-B406-4000A9F324EB}.Debug|x86.ActiveCfg = Debug|Win32
		{04E2D154-F604-4FA7-B406-4000A9F324EB}.Debug|x86.Build.0 = Debug|Win32
		{04E2D154-F604-4FA7-B406-4000A9F324EB}.Release|x64.ActiveCfg = Release|x64
		{04E2D154-F604-4FA7-B406-4000A9F324EB}.Release|x64.Build.0 = Release|x64
		{04E2D154-F604-4FA7-B406-4000A9F324EB}.Release|x86.ActiveCfg = Release|Win32
		{04E2D154-F604-4FA7-B406-4000A9F324EB}.Release|x86.Build.0 = Release|Win32
	EndGlobalSection
	GlobalSection(SolutionProperties) = preSolution
		HideSolutionNode = FALSE
	EndGlobalSection
	GlobalSection(ExtensibilityGlobals) = postSolution
		SolutionGuid = {DD72CCDA-B78C-445E-8C1C-27C0CCF4B671}
	EndGlobalSection
EndGlobal
